// !$*UTF8*$!
{
	archiveVersion = 1;
	classes = {
	};
	objectVersion = 47;
	objects = {

/* Begin PBXAggregateTarget section */
		1FF7B65D21262C0C00BE3BFB /* world */ = {
			isa = PBXAggregateTarget;
			buildConfigurationList = 1FF7B65E21262C0C00BE3BFB /* Build configuration list for PBXAggregateTarget "world" */;
			buildPhases = (
			);
			dependencies = (
				1FF7B66221262C1300BE3BFB /* PBXTargetDependency */,
				1FF7B66421262C1300BE3BFB /* PBXTargetDependency */,
				1FF7B66621262C1300BE3BFB /* PBXTargetDependency */,
				1FF7B66821262C1300BE3BFB /* PBXTargetDependency */,
			);
			name = world;
			productName = world;
		};
/* End PBXAggregateTarget section */

/* Begin PBXBuildFile section */
		1731C81F206C324B0086D5C0 /* CoreFoundation.framework in Frameworks */ = {isa = PBXBuildFile; fileRef = 1731C81E206C324B0086D5C0 /* CoreFoundation.framework */; };
		1731C821206C32640086D5C0 /* IOKit.framework in Frameworks */ = {isa = PBXBuildFile; fileRef = 1731C820206C32640086D5C0 /* IOKit.framework */; };
		1F1CCB8721273CEA00A89642 /* libxpc.dylib in Frameworks */ = {isa = PBXBuildFile; fileRef = 17C13B19205456CF001CE9DD /* libxpc.dylib */; };
		F01412362E6D78D800349FD5 /* launch_private.h in Headers */ = {isa = PBXBuildFile; fileRef = F01411362E6D4C0E00349FD5 /* launch_private.h */; settings = {ATTRIBUTES = (Private, ); }; };
		F01412382E6D790200349FD5 /* init.c in Sources */ = {isa = PBXBuildFile; fileRef = F01412372E6D78F300349FD5 /* init.c */; };
		F01412392E6D792500349FD5 /* private.h in Headers */ = {isa = PBXBuildFile; fileRef = F01411372E6D4C0E00349FD5 /* private.h */; settings = {ATTRIBUTES = (Private, ); }; };
		F014123A2E6D792E00349FD5 /* xpc.h in Headers */ = {isa = PBXBuildFile; fileRef = F01411382E6D4C0E00349FD5 /* xpc.h */; settings = {ATTRIBUTES = (Public, ); }; };
		F014123B2E6D794900349FD5 /* activity.h in Headers */ = {isa = PBXBuildFile; fileRef = F01411312E6D4C0E00349FD5 /* activity.h */; settings = {ATTRIBUTES = (Public, ); }; };
		F014123C2E6D795100349FD5 /* base.h in Headers */ = {isa = PBXBuildFile; fileRef = F01411322E6D4C0E00349FD5 /* base.h */; settings = {ATTRIBUTES = (Public, ); }; };
		F014123D2E6D795700349FD5 /* connection.h in Headers */ = {isa = PBXBuildFile; fileRef = F01411332E6D4C0E00349FD5 /* connection.h */; settings = {ATTRIBUTES = (Public, ); }; };
		F014123E2E6D795F00349FD5 /* debug.h in Headers */ = {isa = PBXBuildFile; fileRef = F01411342E6D4C0E00349FD5 /* debug.h */; settings = {ATTRIBUTES = (Public, ); }; };
		F014123F2E6D796700349FD5 /* endpoint.h in Headers */ = {isa = PBXBuildFile; fileRef = F01411352E6D4C0E00349FD5 /* endpoint.h */; settings = {ATTRIBUTES = (Public, ); }; };
		F01412412E6D8C8E00349FD5 /* pipe.h in Headers */ = {isa = PBXBuildFile; fileRef = F01412402E6D8C8E00349FD5 /* pipe.h */; settings = {ATTRIBUTES = (Private, ); }; };
		F01412452E6D90E000349FD5 /* base.c in Sources */ = {isa = PBXBuildFile; fileRef = F01412442E6D90B300349FD5 /* base.c */; };
		F01412482E6D998D00349FD5 /* bool.c in Sources */ = {isa = PBXBuildFile; fileRef = F01412472E6D998D00349FD5 /* bool.c */; };
		F014124A2E6D9AF000349FD5 /* internal.h in Headers */ = {isa = PBXBuildFile; fileRef = F01412492E6D9AF000349FD5 /* internal.h */; };
/* End PBXBuildFile section */

/* Begin PBXContainerItemProxy section */
		1F1CCB8521273CE600A89642 /* PBXContainerItemProxy */ = {
			isa = PBXContainerItemProxy;
			containerPortal = 391C61221D0844C0007DE8C3 /* Project object */;
			proxyType = 1;
			remoteGlobalIDString = 17C13B18205456CF001CE9DD;
			remoteInfo = libxpc;
		};
		1FF7B66121262C1300BE3BFB /* PBXContainerItemProxy */ = {
			isa = PBXContainerItemProxy;
			containerPortal = 391C61221D0844C0007DE8C3 /* Project object */;
			proxyType = 1;
			remoteGlobalIDString = 17C13B18205456CF001CE9DD;
			remoteInfo = libxpc;
		};
		1FF7B66321262C1300BE3BFB /* PBXContainerItemProxy */ = {
			isa = PBXContainerItemProxy;
			containerPortal = 391C61221D0844C0007DE8C3 /* Project object */;
			proxyType = 1;
			remoteGlobalIDString = 17C13B2520555B49001CE9DD;
			remoteInfo = launchd;
		};
		1FF7B66521262C1300BE3BFB /* PBXContainerItemProxy */ = {
			isa = PBXContainerItemProxy;
			containerPortal = 391C61221D0844C0007DE8C3 /* Project object */;
			proxyType = 1;
			remoteGlobalIDString = 1791F1C6205D1D4F00344BA5;
			remoteInfo = liblaunch;
		};
		1FF7B66721262C1300BE3BFB /* PBXContainerItemProxy */ = {
			isa = PBXContainerItemProxy;
			containerPortal = 391C61221D0844C0007DE8C3 /* Project object */;
			proxyType = 1;
			remoteGlobalIDString = 1791F1E7205D520E00344BA5;
			remoteInfo = launchctl;
		};
/* End PBXContainerItemProxy section */

/* Begin PBXFileReference section */
		1731C81E206C324B0086D5C0 /* CoreFoundation.framework */ = {isa = PBXFileReference; lastKnownFileType = wrapper.framework; name = CoreFoundation.framework; path = System/Library/Frameworks/CoreFoundation.framework; sourceTree = SDKROOT; };
		1731C820206C32640086D5C0 /* IOKit.framework */ = {isa = PBXFileReference; lastKnownFileType = wrapper.framework; name = IOKit.framework; path = System/Library/Frameworks/IOKit.framework; sourceTree = SDKROOT; };
		1791F1C7205D1D4F00344BA5 /* liblaunch.dylib */ = {isa = PBXFileReference; explicitFileType = "compiled.mach-o.dylib"; includeInIndex = 0; path = liblaunch.dylib; sourceTree = BUILT_PRODUCTS_DIR; };
		1791F1E8205D520E00344BA5 /* launchctl */ = {isa = PBXFileReference; explicitFileType = "compiled.mach-o.executable"; includeInIndex = 0; path = launchctl; sourceTree = BUILT_PRODUCTS_DIR; };
		17C13B19205456CF001CE9DD /* libxpc.dylib */ = {isa = PBXFileReference; explicitFileType = "compiled.mach-o.dylib"; includeInIndex = 0; path = libxpc.dylib; sourceTree = BUILT_PRODUCTS_DIR; };
		17C13B2620555B49001CE9DD /* launchd */ = {isa = PBXFileReference; explicitFileType = "compiled.mach-o.executable"; includeInIndex = 0; path = launchd; sourceTree = BUILT_PRODUCTS_DIR; };
		1F0F395E21364785003E244C /* csops_entitlement_blob_test */ = {isa = PBXFileReference; explicitFileType = "compiled.mach-o.executable"; includeInIndex = 0; path = csops_entitlement_blob_test; sourceTree = BUILT_PRODUCTS_DIR; };
		1F950471227F9BF900424594 /* darwinbuild.xcconfig */ = {isa = PBXFileReference; fileEncoding = 4; lastKnownFileType = text.xcconfig; path = darwinbuild.xcconfig; sourceTree = "<group>"; };
		1FD61BFC213711BC00A5A7BA /* xpc_entitlements_test */ = {isa = PBXFileReference; explicitFileType = "compiled.mach-o.executable"; includeInIndex = 0; path = xpc_entitlements_test; sourceTree = BUILT_PRODUCTS_DIR; };
		F0140FB42E6D4C0E00349FD5 /* base_private.h */ = {isa = PBXFileReference; lastKnownFileType = sourcecode.c.h; path = base_private.h; sourceTree = "<group>"; };
		F01411312E6D4C0E00349FD5 /* activity.h */ = {isa = PBXFileReference; lastKnownFileType = sourcecode.c.h; path = activity.h; sourceTree = "<group>"; };
		F01411322E6D4C0E00349FD5 /* base.h */ = {isa = PBXFileReference; lastKnownFileType = sourcecode.c.h; path = base.h; sourceTree = "<group>"; };
		F01411332E6D4C0E00349FD5 /* connection.h */ = {isa = PBXFileReference; lastKnownFileType = sourcecode.c.h; path = connection.h; sourceTree = "<group>"; };
		F01411342E6D4C0E00349FD5 /* debug.h */ = {isa = PBXFileReference; lastKnownFileType = sourcecode.c.h; path = debug.h; sourceTree = "<group>"; };
		F01411352E6D4C0E00349FD5 /* endpoint.h */ = {isa = PBXFileReference; lastKnownFileType = sourcecode.c.h; path = endpoint.h; sourceTree = "<group>"; };
		F01411362E6D4C0E00349FD5 /* launch_private.h */ = {isa = PBXFileReference; lastKnownFileType = sourcecode.c.h; path = launch_private.h; sourceTree = "<group>"; };
		F01411372E6D4C0E00349FD5 /* private.h */ = {isa = PBXFileReference; lastKnownFileType = sourcecode.c.h; path = private.h; sourceTree = "<group>"; };
		F01411382E6D4C0E00349FD5 /* xpc.h */ = {isa = PBXFileReference; lastKnownFileType = sourcecode.c.h; path = xpc.h; sourceTree = "<group>"; };
		F014114A2E6D4C0E00349FD5 /* bootstrap.h */ = {isa = PBXFileReference; lastKnownFileType = sourcecode.c.h; path = bootstrap.h; sourceTree = "<group>"; };
		F014114B2E6D4C0E00349FD5 /* bootstrap_priv.h */ = {isa = PBXFileReference; lastKnownFileType = sourcecode.c.h; path = bootstrap_priv.h; sourceTree = "<group>"; };
		F01411682E6D4C0E00349FD5 /* launch.h */ = {isa = PBXFileReference; lastKnownFileType = sourcecode.c.h; path = launch.h; sourceTree = "<group>"; };
		F01411692E6D4C0E00349FD5 /* launch_internal.h */ = {isa = PBXFileReference; lastKnownFileType = sourcecode.c.h; path = launch_internal.h; sourceTree = "<group>"; };
		F014116A2E6D4C0E00349FD5 /* launch_priv.h */ = {isa = PBXFileReference; lastKnownFileType = sourcecode.c.h; path = launch_priv.h; sourceTree = "<group>"; };
		F014116E2E6D4C0E00349FD5 /* libproc.h */ = {isa = PBXFileReference; lastKnownFileType = sourcecode.c.h; path = libproc.h; sourceTree = "<group>"; };
		F014116F2E6D4C0E00349FD5 /* libproc_internal.h */ = {isa = PBXFileReference; lastKnownFileType = sourcecode.c.h; path = libproc_internal.h; sourceTree = "<group>"; };
		F01411902E6D4C0E00349FD5 /* spawn.h */ = {isa = PBXFileReference; lastKnownFileType = sourcecode.c.h; path = spawn.h; sourceTree = "<group>"; };
		F01411912E6D4C0E00349FD5 /* spawn_private.h */ = {isa = PBXFileReference; lastKnownFileType = sourcecode.c.h; path = spawn_private.h; sourceTree = "<group>"; };
		F01411B12E6D4C0E00349FD5 /* vproc.h */ = {isa = PBXFileReference; lastKnownFileType = sourcecode.c.h; path = vproc.h; sourceTree = "<group>"; };
		F01411B22E6D4C0E00349FD5 /* vproc_priv.h */ = {isa = PBXFileReference; lastKnownFileType = sourcecode.c.h; path = vproc_priv.h; sourceTree = "<group>"; };
		F01411D42E6D4C0E00349FD5 /* launchctl.c */ = {isa = PBXFileReference; lastKnownFileType = sourcecode.c.c; path = launchctl.c; sourceTree = "<group>"; };
		F01411D62E6D4C0E00349FD5 /* init.c */ = {isa = PBXFileReference; lastKnownFileType = sourcecode.c.c; path = init.c; sourceTree = "<group>"; };
		F01411D82E6D4C0E00349FD5 /* rc.common */ = {isa = PBXFileReference; lastKnownFileType = text; path = rc.common; sourceTree = "<group>"; };
		F01411D92E6D4C0E00349FD5 /* rc.netboot */ = {isa = PBXFileReference; lastKnownFileType = text.script.sh; path = rc.netboot; sourceTree = "<group>"; };
		F01411DB2E6D4C0E00349FD5 /* com.apple.SystemStarter.plist */ = {isa = PBXFileReference; lastKnownFileType = text.plist.xml; path = com.apple.SystemStarter.plist; sourceTree = "<group>"; };
		F01411DC2E6D4C0E00349FD5 /* hostconfig */ = {isa = PBXFileReference; lastKnownFileType = text; path = hostconfig; sourceTree = "<group>"; };
		F01411DD2E6D4C0E00349FD5 /* IPC.h */ = {isa = PBXFileReference; lastKnownFileType = sourcecode.c.h; path = IPC.h; sourceTree = "<group>"; };
		F01411DE2E6D4C0E00349FD5 /* IPC.c */ = {isa = PBXFileReference; lastKnownFileType = sourcecode.c.c; path = IPC.c; sourceTree = "<group>"; };
		F01411DF2E6D4C0E00349FD5 /* StartupItemContext */ = {isa = PBXFileReference; lastKnownFileType = text.script.sh; path = StartupItemContext; sourceTree = "<group>"; };
		F01411E02E6D4C0E00349FD5 /* StartupItemContext.8 */ = {isa = PBXFileReference; lastKnownFileType = text; path = StartupItemContext.8; sourceTree = "<group>"; };
		F01411E12E6D4C0E00349FD5 /* StartupItems.h */ = {isa = PBXFileReference; lastKnownFileType = sourcecode.c.h; path = StartupItems.h; sourceTree = "<group>"; };
		F01411E22E6D4C0E00349FD5 /* StartupItems.c */ = {isa = PBXFileReference; lastKnownFileType = sourcecode.c.c; path = StartupItems.c; sourceTree = "<group>"; };
		F01411E32E6D4C0E00349FD5 /* SystemStarter.h */ = {isa = PBXFileReference; lastKnownFileType = sourcecode.c.h; path = SystemStarter.h; sourceTree = "<group>"; };
		F01411E42E6D4C0E00349FD5 /* SystemStarter.8 */ = {isa = PBXFileReference; lastKnownFileType = text; path = SystemStarter.8; sourceTree = "<group>"; };
		F01411E52E6D4C0E00349FD5 /* SystemStarter.c */ = {isa = PBXFileReference; lastKnownFileType = sourcecode.c.c; path = SystemStarter.c; sourceTree = "<group>"; };
		F01411E62E6D4C0E00349FD5 /* SystemStarterIPC.h */ = {isa = PBXFileReference; lastKnownFileType = sourcecode.c.h; path = SystemStarterIPC.h; sourceTree = "<group>"; };
		F01411E82E6D4C0E00349FD5 /* config.h */ = {isa = PBXFileReference; lastKnownFileType = sourcecode.c.h; path = config.h; sourceTree = "<group>"; };
		F01411E92E6D4C0E00349FD5 /* core.h */ = {isa = PBXFileReference; lastKnownFileType = sourcecode.c.h; path = core.h; sourceTree = "<group>"; };
		F01411EA2E6D4C0E00349FD5 /* core.c */ = {isa = PBXFileReference; lastKnownFileType = sourcecode.c.c; path = core.c; sourceTree = "<group>"; };
		F01411EB2E6D4C0E00349FD5 /* internal.defs */ = {isa = PBXFileReference; lastKnownFileType = sourcecode.mig; path = internal.defs; sourceTree = "<group>"; };
		F01411EC2E6D4C0E00349FD5 /* ipc.h */ = {isa = PBXFileReference; lastKnownFileType = sourcecode.c.h; path = ipc.h; sourceTree = "<group>"; };
		F01411ED2E6D4C0E00349FD5 /* ipc.c */ = {isa = PBXFileReference; lastKnownFileType = sourcecode.c.c; path = ipc.c; sourceTree = "<group>"; };
		F01411EE2E6D4C0E00349FD5 /* job.defs */ = {isa = PBXFileReference; lastKnownFileType = sourcecode.mig; path = job.defs; sourceTree = "<group>"; };
		F01411EF2E6D4C0E00349FD5 /* job_forward.defs */ = {isa = PBXFileReference; lastKnownFileType = sourcecode.mig; path = job_forward.defs; sourceTree = "<group>"; };
		F01411F02E6D4C0E00349FD5 /* job_reply.h */ = {isa = PBXFileReference; lastKnownFileType = sourcecode.c.h; path = job_reply.h; sourceTree = "<group>"; };
		F01411F12E6D4C0E00349FD5 /* job_reply.defs */ = {isa = PBXFileReference; lastKnownFileType = sourcecode.mig; path = job_reply.defs; sourceTree = "<group>"; };
		F01411F22E6D4C0E00349FD5 /* job_replyServer.c */ = {isa = PBXFileReference; lastKnownFileType = sourcecode.c.c; path = job_replyServer.c; sourceTree = "<group>"; };
		F01411F32E6D4C0E00349FD5 /* job_replyUser.c */ = {isa = PBXFileReference; lastKnownFileType = sourcecode.c.c; path = job_replyUser.c; sourceTree = "<group>"; };
		F01411F42E6D4C0E00349FD5 /* job_types.defs */ = {isa = PBXFileReference; lastKnownFileType = sourcecode.mig; path = job_types.defs; sourceTree = "<group>"; };
		F01411F52E6D4C0E00349FD5 /* kill2.h */ = {isa = PBXFileReference; lastKnownFileType = sourcecode.c.h; path = kill2.h; sourceTree = "<group>"; };
		F01411F62E6D4C0E00349FD5 /* kill2.c */ = {isa = PBXFileReference; lastKnownFileType = sourcecode.c.c; path = kill2.c; sourceTree = "<group>"; };
		F01411F72E6D4C0E00349FD5 /* ktrace.h */ = {isa = PBXFileReference; lastKnownFileType = sourcecode.c.h; path = ktrace.h; sourceTree = "<group>"; };
		F01411F82E6D4C0E00349FD5 /* ktrace.c */ = {isa = PBXFileReference; lastKnownFileType = sourcecode.c.c; path = ktrace.c; sourceTree = "<group>"; };
		F01411F92E6D4C0E00349FD5 /* launchd.h */ = {isa = PBXFileReference; lastKnownFileType = sourcecode.c.h; path = launchd.h; sourceTree = "<group>"; };
		F01411FA2E6D4C0E00349FD5 /* launchd.c */ = {isa = PBXFileReference; lastKnownFileType = sourcecode.c.c; path = launchd.c; sourceTree = "<group>"; };
		F01411FB2E6D4C0E00349FD5 /* launchd.ops */ = {isa = PBXFileReference; lastKnownFileType = text; path = launchd.ops; sourceTree = "<group>"; };
		F01411FC2E6D4C0E00349FD5 /* launchproxy.c */ = {isa = PBXFileReference; lastKnownFileType = sourcecode.c.c; path = launchproxy.c; sourceTree = "<group>"; };
		F01411FD2E6D4C0E00349FD5 /* log.h */ = {isa = PBXFileReference; lastKnownFileType = sourcecode.c.h; path = log.h; sourceTree = "<group>"; };
		F01411FE2E6D4C0E00349FD5 /* log.c */ = {isa = PBXFileReference; lastKnownFileType = sourcecode.c.c; path = log.c; sourceTree = "<group>"; };
		F01411FF2E6D4C0E00349FD5 /* mach_exc.defs */ = {isa = PBXFileReference; lastKnownFileType = sourcecode.mig; path = mach_exc.defs; sourceTree = "<group>"; };
		F01412002E6D4C0E00349FD5 /* notify.defs */ = {isa = PBXFileReference; lastKnownFileType = sourcecode.mig; path = notify.defs; sourceTree = "<group>"; };
		F01412012E6D4C0E00349FD5 /* reboot2.h */ = {isa = PBXFileReference; lastKnownFileType = sourcecode.c.h; path = reboot2.h; sourceTree = "<group>"; };
		F01412022E6D4C0E00349FD5 /* runtime.h */ = {isa = PBXFileReference; lastKnownFileType = sourcecode.c.h; path = runtime.h; sourceTree = "<group>"; };
		F01412032E6D4C0E00349FD5 /* runtime.c */ = {isa = PBXFileReference; lastKnownFileType = sourcecode.c.c; path = runtime.c; sourceTree = "<group>"; };
		F01412042E6D4C0E00349FD5 /* shim.h */ = {isa = PBXFileReference; lastKnownFileType = sourcecode.c.h; path = shim.h; sourceTree = "<group>"; };
		F01412052E6D4C0E00349FD5 /* wait4path.c */ = {isa = PBXFileReference; lastKnownFileType = sourcecode.c.c; path = wait4path.c; sourceTree = "<group>"; };
		F01412072E6D4C0E00349FD5 /* IndirectSymbols */ = {isa = PBXFileReference; lastKnownFileType = text; path = IndirectSymbols; sourceTree = "<group>"; };
		F01412082E6D4C0E00349FD5 /* pd-liblaunch.c */ = {isa = PBXFileReference; lastKnownFileType = sourcecode.c.c; path = "pd-liblaunch.c"; sourceTree = "<group>"; };
		F01412152E6D4C0E00349FD5 /* libbootstrap.c */ = {isa = PBXFileReference; lastKnownFileType = sourcecode.c.c; path = libbootstrap.c; sourceTree = "<group>"; };
		F01412162E6D4C0E00349FD5 /* liblaunch.c */ = {isa = PBXFileReference; lastKnownFileType = sourcecode.c.c; path = liblaunch.c; sourceTree = "<group>"; };
		F01412172E6D4C0E00349FD5 /* libvproc.c */ = {isa = PBXFileReference; lastKnownFileType = sourcecode.c.c; path = libvproc.c; sourceTree = "<group>"; };
		F01412182E6D4C0E00349FD5 /* vproc_internal.h */ = {isa = PBXFileReference; lastKnownFileType = sourcecode.c.h; path = vproc_internal.h; sourceTree = "<group>"; };
		F01412232E6D4C0E00349FD5 /* launchctl.1 */ = {isa = PBXFileReference; lastKnownFileType = text.man; path = launchctl.1; sourceTree = "<group>"; };
		F01412242E6D4C0E00349FD5 /* launchd.8 */ = {isa = PBXFileReference; lastKnownFileType = text; path = launchd.8; sourceTree = "<group>"; };
		F01412252E6D4C0E00349FD5 /* launchd.conf.5 */ = {isa = PBXFileReference; lastKnownFileType = text; path = launchd.conf.5; sourceTree = "<group>"; };
		F01412262E6D4C0E00349FD5 /* launchd.plist.5 */ = {isa = PBXFileReference; lastKnownFileType = text; path = launchd.plist.5; sourceTree = "<group>"; };
		F01412272E6D4C0E00349FD5 /* launchproxy.8 */ = {isa = PBXFileReference; lastKnownFileType = text; path = launchproxy.8; sourceTree = "<group>"; };
		F01412282E6D4C0E00349FD5 /* rc.8 */ = {isa = PBXFileReference; lastKnownFileType = text; path = rc.8; sourceTree = "<group>"; };
		F01412292E6D4C0E00349FD5 /* wait4path.1 */ = {isa = PBXFileReference; lastKnownFileType = text.man; path = wait4path.1; sourceTree = "<group>"; };
		F014122B2E6D4C0E00349FD5 /* org.puredarwin.console.plist */ = {isa = PBXFileReference; lastKnownFileType = text.plist.xml; path = org.puredarwin.console.plist; sourceTree = "<group>"; };
		F014122D2E6D4C0E00349FD5 /* wait4path.c */ = {isa = PBXFileReference; lastKnownFileType = sourcecode.c.c; path = wait4path.c; sourceTree = "<group>"; };
		F014122F2E6D4C0E00349FD5 /* launchctl-postflight.sh */ = {isa = PBXFileReference; lastKnownFileType = text.script.sh; path = "launchctl-postflight.sh"; sourceTree = "<group>"; };
		F01412302E6D4C0E00349FD5 /* launchd-postflight.sh */ = {isa = PBXFileReference; lastKnownFileType = text.script.sh; path = "launchd-postflight.sh"; sourceTree = "<group>"; };
		F01412312E6D4C0E00349FD5 /* liblaunch-postflight.sh */ = {isa = PBXFileReference; lastKnownFileType = text.script.sh; path = "liblaunch-postflight.sh"; sourceTree = "<group>"; };
		F01412322E6D4C0E00349FD5 /* SystemStarter-postflight.sh */ = {isa = PBXFileReference; lastKnownFileType = text.script.sh; path = "SystemStarter-postflight.sh"; sourceTree = "<group>"; };
		F01412342E6D4C0E00349FD5 /* Info.plist */ = {isa = PBXFileReference; lastKnownFileType = text.plist.xml; path = Info.plist; sourceTree = "<group>"; };
		F01412372E6D78F300349FD5 /* init.c */ = {isa = PBXFileReference; lastKnownFileType = sourcecode.c.c; path = init.c; sourceTree = "<group>"; };
		F01412402E6D8C8E00349FD5 /* pipe.h */ = {isa = PBXFileReference; lastKnownFileType = sourcecode.c.h; path = pipe.h; sourceTree = "<group>"; };
		F01412442E6D90B300349FD5 /* base.c */ = {isa = PBXFileReference; lastKnownFileType = sourcecode.c.c; path = base.c; sourceTree = "<group>"; };
		F01412472E6D998D00349FD5 /* bool.c */ = {isa = PBXFileReference; lastKnownFileType = sourcecode.c.c; path = bool.c; sourceTree = "<group>"; };
		F01412492E6D9AF000349FD5 /* internal.h */ = {isa = PBXFileReference; lastKnownFileType = sourcecode.c.h; path = internal.h; sourceTree = "<group>"; };
/* End PBXFileReference section */

/* Begin PBXFrameworksBuildPhase section */
		1791F1C4205D1D4F00344BA5 /* Frameworks */ = {
			isa = PBXFrameworksBuildPhase;
			buildActionMask = 2147483647;
			files = (
				1F1CCB8721273CEA00A89642 /* libxpc.dylib in Frameworks */,
			);
			runOnlyForDeploymentPostprocessing = 0;
		};
		1791F1E5205D520E00344BA5 /* Frameworks */ = {
			isa = PBXFrameworksBuildPhase;
			buildActionMask = 2147483647;
			files = (
				1731C821206C32640086D5C0 /* IOKit.framework in Frameworks */,
				1731C81F206C324B0086D5C0 /* CoreFoundation.framework in Frameworks */,
			);
			runOnlyForDeploymentPostprocessing = 0;
		};
		17C13B16205456CF001CE9DD /* Frameworks */ = {
			isa = PBXFrameworksBuildPhase;
			buildActionMask = 2147483647;
			files = (
			);
			runOnlyForDeploymentPostprocessing = 0;
		};
		17C13B2320555B49001CE9DD /* Frameworks */ = {
			isa = PBXFrameworksBuildPhase;
			buildActionMask = 2147483647;
			files = (
			);
			runOnlyForDeploymentPostprocessing = 0;
		};
		1F0F395B21364785003E244C /* Frameworks */ = {
			isa = PBXFrameworksBuildPhase;
			buildActionMask = 2147483647;
			files = (
			);
			runOnlyForDeploymentPostprocessing = 0;
		};
		1FD61BF9213711BC00A5A7BA /* Frameworks */ = {
			isa = PBXFrameworksBuildPhase;
			buildActionMask = 2147483647;
			files = (
			);
			runOnlyForDeploymentPostprocessing = 0;
		};
/* End PBXFrameworksBuildPhase section */

/* Begin PBXGroup section */
		1731C81D206C324A0086D5C0 /* Frameworks */ = {
			isa = PBXGroup;
			children = (
				1731C820206C32640086D5C0 /* IOKit.framework */,
				1731C81E206C324B0086D5C0 /* CoreFoundation.framework */,
			);
			name = Frameworks;
			sourceTree = "<group>";
		};
		391C61211D0844C0007DE8C3 = {
			isa = PBXGroup;
			children = (
				F01411B72E6D4C0E00349FD5 /* include */,
				F01412352E6D4C0E00349FD5 /* src */,
				1731C81D206C324A0086D5C0 /* Frameworks */,
				1F950471227F9BF900424594 /* darwinbuild.xcconfig */,
				17C13B2620555B49001CE9DD /* launchd */,
				1791F1E8205D520E00344BA5 /* launchctl */,
				17C13B19205456CF001CE9DD /* libxpc.dylib */,
				1791F1C7205D1D4F00344BA5 /* liblaunch.dylib */,
				1F0F395E21364785003E244C /* csops_entitlement_blob_test */,
				1FD61BFC213711BC00A5A7BA /* xpc_entitlements_test */,
			);
			sourceTree = "<group>";
			tabWidth = 4;
			usesTabs = 1;
		};
		F0140FBA2E6D4C0E00349FD5 /* os */ = {
			isa = PBXGroup;
			children = (
				F0140FB42E6D4C0E00349FD5 /* base_private.h */,
			);
			path = os;
			sourceTree = "<group>";
		};
		F01411392E6D4C0E00349FD5 /* xpc */ = {
			isa = PBXGroup;
			children = (
				F01411312E6D4C0E00349FD5 /* activity.h */,
				F01411322E6D4C0E00349FD5 /* base.h */,
				F01411332E6D4C0E00349FD5 /* connection.h */,
				F01411342E6D4C0E00349FD5 /* debug.h */,
				F01411352E6D4C0E00349FD5 /* endpoint.h */,
				F01412492E6D9AF000349FD5 /* internal.h */,
				F01411362E6D4C0E00349FD5 /* launch_private.h */,
				F01411372E6D4C0E00349FD5 /* private.h */,
				F01412402E6D8C8E00349FD5 /* pipe.h */,
				F01411382E6D4C0E00349FD5 /* xpc.h */,
			);
			path = xpc;
			sourceTree = "<group>";
		};
		F01411B72E6D4C0E00349FD5 /* include */ = {
			isa = PBXGroup;
			children = (
				F0140FBA2E6D4C0E00349FD5 /* os */,
				F01411392E6D4C0E00349FD5 /* xpc */,
				F014114A2E6D4C0E00349FD5 /* bootstrap.h */,
				F014114B2E6D4C0E00349FD5 /* bootstrap_priv.h */,
				F01411682E6D4C0E00349FD5 /* launch.h */,
				F01411692E6D4C0E00349FD5 /* launch_internal.h */,
				F014116A2E6D4C0E00349FD5 /* launch_priv.h */,
				F014116E2E6D4C0E00349FD5 /* libproc.h */,
				F014116F2E6D4C0E00349FD5 /* libproc_internal.h */,
				F01411902E6D4C0E00349FD5 /* spawn.h */,
				F01411912E6D4C0E00349FD5 /* spawn_private.h */,
				F01411B12E6D4C0E00349FD5 /* vproc.h */,
				F01411B22E6D4C0E00349FD5 /* vproc_priv.h */,
			);
			path = include;
			sourceTree = "<group>";
		};
		F01411D52E6D4C0E00349FD5 /* launchctl */ = {
			isa = PBXGroup;
			children = (
				F01411D42E6D4C0E00349FD5 /* launchctl.c */,
			);
			path = launchctl;
			sourceTree = "<group>";
		};
		F01411D72E6D4C0E00349FD5 /* init */ = {
			isa = PBXGroup;
			children = (
				F01411D62E6D4C0E00349FD5 /* init.c */,
			);
			path = init;
			sourceTree = "<group>";
		};
		F01411DA2E6D4C0E00349FD5 /* rc */ = {
			isa = PBXGroup;
			children = (
				F01411D82E6D4C0E00349FD5 /* rc.common */,
				F01411D92E6D4C0E00349FD5 /* rc.netboot */,
			);
			path = rc;
			sourceTree = "<group>";
		};
		F01411E72E6D4C0E00349FD5 /* SystemStarter */ = {
			isa = PBXGroup;
			children = (
				F01411DB2E6D4C0E00349FD5 /* com.apple.SystemStarter.plist */,
				F01411DC2E6D4C0E00349FD5 /* hostconfig */,
				F01411DD2E6D4C0E00349FD5 /* IPC.h */,
				F01411DE2E6D4C0E00349FD5 /* IPC.c */,
				F01411DF2E6D4C0E00349FD5 /* StartupItemContext */,
				F01411E02E6D4C0E00349FD5 /* StartupItemContext.8 */,
				F01411E12E6D4C0E00349FD5 /* StartupItems.h */,
				F01411E22E6D4C0E00349FD5 /* StartupItems.c */,
				F01411E32E6D4C0E00349FD5 /* SystemStarter.h */,
				F01411E42E6D4C0E00349FD5 /* SystemStarter.8 */,
				F01411E52E6D4C0E00349FD5 /* SystemStarter.c */,
				F01411E62E6D4C0E00349FD5 /* SystemStarterIPC.h */,
			);
			path = SystemStarter;
			sourceTree = "<group>";
		};
		F01412062E6D4C0E00349FD5 /* launchd */ = {
			isa = PBXGroup;
			children = (
				F01411D72E6D4C0E00349FD5 /* init */,
				F01411DA2E6D4C0E00349FD5 /* rc */,
				F01411E72E6D4C0E00349FD5 /* SystemStarter */,
				F01411E82E6D4C0E00349FD5 /* config.h */,
				F01411E92E6D4C0E00349FD5 /* core.h */,
				F01411EA2E6D4C0E00349FD5 /* core.c */,
				F01411EB2E6D4C0E00349FD5 /* internal.defs */,
				F01411EC2E6D4C0E00349FD5 /* ipc.h */,
				F01411ED2E6D4C0E00349FD5 /* ipc.c */,
				F01411EE2E6D4C0E00349FD5 /* job.defs */,
				F01411EF2E6D4C0E00349FD5 /* job_forward.defs */,
				F01411F02E6D4C0E00349FD5 /* job_reply.h */,
				F01411F12E6D4C0E00349FD5 /* job_reply.defs */,
				F01411F22E6D4C0E00349FD5 /* job_replyServer.c */,
				F01411F32E6D4C0E00349FD5 /* job_replyUser.c */,
				F01411F42E6D4C0E00349FD5 /* job_types.defs */,
				F01411F52E6D4C0E00349FD5 /* kill2.h */,
				F01411F62E6D4C0E00349FD5 /* kill2.c */,
				F01411F72E6D4C0E00349FD5 /* ktrace.h */,
				F01411F82E6D4C0E00349FD5 /* ktrace.c */,
				F01411F92E6D4C0E00349FD5 /* launchd.h */,
				F01411FA2E6D4C0E00349FD5 /* launchd.c */,
				F01411FB2E6D4C0E00349FD5 /* launchd.ops */,
				F01411FC2E6D4C0E00349FD5 /* launchproxy.c */,
				F01411FD2E6D4C0E00349FD5 /* log.h */,
				F01411FE2E6D4C0E00349FD5 /* log.c */,
				F01411FF2E6D4C0E00349FD5 /* mach_exc.defs */,
				F01412002E6D4C0E00349FD5 /* notify.defs */,
				F01412012E6D4C0E00349FD5 /* reboot2.h */,
				F01412022E6D4C0E00349FD5 /* runtime.h */,
				F01412032E6D4C0E00349FD5 /* runtime.c */,
				F01412042E6D4C0E00349FD5 /* shim.h */,
				F01412052E6D4C0E00349FD5 /* wait4path.c */,
			);
			path = launchd;
			sourceTree = "<group>";
		};
		F01412092E6D4C0E00349FD5 /* liblaunch */ = {
			isa = PBXGroup;
			children = (
				F01412072E6D4C0E00349FD5 /* IndirectSymbols */,
				F01412082E6D4C0E00349FD5 /* pd-liblaunch.c */,
			);
			path = liblaunch;
			sourceTree = "<group>";
		};
		F01412222E6D4C0E00349FD5 /* libxpc */ = {
			isa = PBXGroup;
			children = (
				F01412462E6D997400349FD5 /* types */,
				F01412372E6D78F300349FD5 /* init.c */,
				F01412442E6D90B300349FD5 /* base.c */,
				F01412152E6D4C0E00349FD5 /* libbootstrap.c */,
				F01412162E6D4C0E00349FD5 /* liblaunch.c */,
				F01412172E6D4C0E00349FD5 /* libvproc.c */,
				F01412182E6D4C0E00349FD5 /* vproc_internal.h */,
			);
			path = libxpc;
			sourceTree = "<group>";
		};
		F014122A2E6D4C0E00349FD5 /* man */ = {
			isa = PBXGroup;
			children = (
				F01412232E6D4C0E00349FD5 /* launchctl.1 */,
				F01412242E6D4C0E00349FD5 /* launchd.8 */,
				F01412252E6D4C0E00349FD5 /* launchd.conf.5 */,
				F01412262E6D4C0E00349FD5 /* launchd.plist.5 */,
				F01412272E6D4C0E00349FD5 /* launchproxy.8 */,
				F01412282E6D4C0E00349FD5 /* rc.8 */,
				F01412292E6D4C0E00349FD5 /* wait4path.1 */,
			);
			path = man;
			sourceTree = "<group>";
		};
		F014122C2E6D4C0E00349FD5 /* plists */ = {
			isa = PBXGroup;
			children = (
				F014122B2E6D4C0E00349FD5 /* org.puredarwin.console.plist */,
			);
			path = plists;
			sourceTree = "<group>";
		};
		F014122E2E6D4C0E00349FD5 /* wait4path */ = {
			isa = PBXGroup;
			children = (
				F014122D2E6D4C0E00349FD5 /* wait4path.c */,
			);
			path = wait4path;
			sourceTree = "<group>";
		};
		F01412332E6D4C0E00349FD5 /* xcscripts */ = {
			isa = PBXGroup;
			children = (
				F014122F2E6D4C0E00349FD5 /* launchctl-postflight.sh */,
				F01412302E6D4C0E00349FD5 /* launchd-postflight.sh */,
				F01412312E6D4C0E00349FD5 /* liblaunch-postflight.sh */,
				F01412322E6D4C0E00349FD5 /* SystemStarter-postflight.sh */,
			);
			path = xcscripts;
			sourceTree = "<group>";
		};
		F01412352E6D4C0E00349FD5 /* src */ = {
			isa = PBXGroup;
			children = (
				F01411D52E6D4C0E00349FD5 /* launchctl */,
				F01412062E6D4C0E00349FD5 /* launchd */,
				F01412092E6D4C0E00349FD5 /* liblaunch */,
				F01412222E6D4C0E00349FD5 /* libxpc */,
				F014122A2E6D4C0E00349FD5 /* man */,
				F014122C2E6D4C0E00349FD5 /* plists */,
				F014122E2E6D4C0E00349FD5 /* wait4path */,
				F01412332E6D4C0E00349FD5 /* xcscripts */,
				F01412342E6D4C0E00349FD5 /* Info.plist */,
			);
			path = src;
			sourceTree = "<group>";
		};
		F01412462E6D997400349FD5 /* types */ = {
			isa = PBXGroup;
			children = (
				F01412472E6D998D00349FD5 /* bool.c */,
			);
			path = types;
			sourceTree = "<group>";
		};
/* End PBXGroup section */

/* Begin PBXHeadersBuildPhase section */
		1791F1C5205D1D4F00344BA5 /* Headers */ = {
			isa = PBXHeadersBuildPhase;
			buildActionMask = 2147483647;
			files = (
			);
			runOnlyForDeploymentPostprocessing = 0;
		};
		17C13B17205456CF001CE9DD /* Headers */ = {
			isa = PBXHeadersBuildPhase;
			buildActionMask = 2147483647;
			files = (
				F014123C2E6D795100349FD5 /* base.h in Headers */,
				F014123F2E6D796700349FD5 /* endpoint.h in Headers */,
				F014123A2E6D792E00349FD5 /* xpc.h in Headers */,
				F014123E2E6D795F00349FD5 /* debug.h in Headers */,
				F014123D2E6D795700349FD5 /* connection.h in Headers */,
				F01412412E6D8C8E00349FD5 /* pipe.h in Headers */,
				F014123B2E6D794900349FD5 /* activity.h in Headers */,
				F01412392E6D792500349FD5 /* private.h in Headers */,
				F01412362E6D78D800349FD5 /* launch_private.h in Headers */,
				F014124A2E6D9AF000349FD5 /* internal.h in Headers */,
			);
			runOnlyForDeploymentPostprocessing = 0;
		};
/* End PBXHeadersBuildPhase section */

/* Begin PBXNativeTarget section */
		1791F1C6205D1D4F00344BA5 /* liblaunch */ = {
			isa = PBXNativeTarget;
			buildConfigurationList = 1791F1C8205D1D4F00344BA5 /* Build configuration list for PBXNativeTarget "liblaunch" */;
			buildPhases = (
				1791F1C3205D1D4F00344BA5 /* Sources */,
				1791F1C4205D1D4F00344BA5 /* Frameworks */,
				1791F1C5205D1D4F00344BA5 /* Headers */,
			);
			buildRules = (
			);
			dependencies = (
				1F1CCB8621273CE600A89642 /* PBXTargetDependency */,
			);
			name = liblaunch;
			productName = liblaunch;
			productReference = 1791F1C7205D1D4F00344BA5 /* liblaunch.dylib */;
			productType = "com.apple.product-type.library.dynamic";
		};
		1791F1E7205D520E00344BA5 /* launchctl */ = {
			isa = PBXNativeTarget;
			buildConfigurationList = 1791F1EC205D520E00344BA5 /* Build configuration list for PBXNativeTarget "launchctl" */;
			buildPhases = (
				1791F1E4205D520E00344BA5 /* Sources */,
				1791F1E5205D520E00344BA5 /* Frameworks */,
				1F1CCB882127433C00A89642 /* Postflight */,
			);
			buildRules = (
			);
			dependencies = (
			);
			name = launchctl;
			productName = launchctl;
			productReference = 1791F1E8205D520E00344BA5 /* launchctl */;
			productType = "com.apple.product-type.tool";
		};
		17C13B18205456CF001CE9DD /* libxpc */ = {
			isa = PBXNativeTarget;
			buildConfigurationList = 17C13B1A205456D0001CE9DD /* Build configuration list for PBXNativeTarget "libxpc" */;
			buildPhases = (
				17C13B15205456CF001CE9DD /* Sources */,
				17C13B16205456CF001CE9DD /* Frameworks */,
				17C13B17205456CF001CE9DD /* Headers */,
			);
			buildRules = (
			);
			dependencies = (
			);
			name = libxpc;
			productName = liblaunch;
			productReference = 17C13B19205456CF001CE9DD /* libxpc.dylib */;
			productType = "com.apple.product-type.library.dynamic";
		};
		17C13B2520555B49001CE9DD /* launchd */ = {
			isa = PBXNativeTarget;
			buildConfigurationList = 17C13B2A20555B49001CE9DD /* Build configuration list for PBXNativeTarget "launchd" */;
			buildPhases = (
				17C13B2220555B49001CE9DD /* Sources */,
				17C13B2320555B49001CE9DD /* Frameworks */,
				1F1CCB892127435200A89642 /* Postflight */,
			);
			buildRules = (
			);
			dependencies = (
			);
			name = launchd;
			productName = launchd;
			productReference = 17C13B2620555B49001CE9DD /* launchd */;
			productType = "com.apple.product-type.tool";
		};
		1F0F395D21364785003E244C /* csops_entitlement_blob_test */ = {
			isa = PBXNativeTarget;
			buildConfigurationList = 1F0F396421364785003E244C /* Build configuration list for PBXNativeTarget "csops_entitlement_blob_test" */;
			buildPhases = (
				1F0F395A21364785003E244C /* Sources */,
				1F0F395B21364785003E244C /* Frameworks */,
			);
			buildRules = (
			);
			dependencies = (
			);
			name = csops_entitlement_blob_test;
			productName = codesign_test;
			productReference = 1F0F395E21364785003E244C /* csops_entitlement_blob_test */;
			productType = "com.apple.product-type.tool";
		};
		1FD61BFB213711BC00A5A7BA /* xpc_entitlements_test */ = {
			isa = PBXNativeTarget;
			buildConfigurationList = 1FD61C02213711BD00A5A7BA /* Build configuration list for PBXNativeTarget "xpc_entitlements_test" */;
			buildPhases = (
				1FD61BF8213711BC00A5A7BA /* Sources */,
				1FD61BF9213711BC00A5A7BA /* Frameworks */,
			);
			buildRules = (
			);
			dependencies = (
			);
			name = xpc_entitlements_test;
			productName = xpc_entitlements_test;
			productReference = 1FD61BFC213711BC00A5A7BA /* xpc_entitlements_test */;
			productType = "com.apple.product-type.tool";
		};
/* End PBXNativeTarget section */

/* Begin PBXProject section */
		391C61221D0844C0007DE8C3 /* Project object */ = {
			isa = PBXProject;
			attributes = {
				LastUpgradeCheck = 1200;
				ORGANIZATIONNAME = PureDarwin;
				TargetAttributes = {
					1791F1C6205D1D4F00344BA5 = {
						CreatedOnToolsVersion = 9.2;
						DevelopmentTeam = 3P242C9ES5;
						ProvisioningStyle = Automatic;
					};
					1791F1E7205D520E00344BA5 = {
						CreatedOnToolsVersion = 9.2;
						DevelopmentTeam = 3P242C9ES5;
						ProvisioningStyle = Automatic;
					};
					17C13B18205456CF001CE9DD = {
						CreatedOnToolsVersion = 9.2;
						DevelopmentTeam = 3P242C9ES5;
						ProvisioningStyle = Automatic;
					};
					17C13B2520555B49001CE9DD = {
						CreatedOnToolsVersion = 9.2;
						DevelopmentTeam = 3P242C9ES5;
						ProvisioningStyle = Automatic;
					};
					1F0F395D21364785003E244C = {
						CreatedOnToolsVersion = 9.4.1;
						DevelopmentTeam = 3P242C9ES5;
						ProvisioningStyle = Automatic;
					};
					1FD61BFB213711BC00A5A7BA = {
						CreatedOnToolsVersion = 9.4.1;
						DevelopmentTeam = 3P242C9ES5;
						ProvisioningStyle = Automatic;
					};
					1FF7B65D21262C0C00BE3BFB = {
						CreatedOnToolsVersion = 9.4.1;
						DevelopmentTeam = 3P242C9ES5;
						ProvisioningStyle = Automatic;
					};
				};
			};
			buildConfigurationList = 391C61251D0844C0007DE8C3 /* Build configuration list for PBXProject "libxpc" */;
			compatibilityVersion = "Xcode 6.3";
			developmentRegion = en;
			hasScannedForEncodings = 0;
			knownRegions = (
				en,
				Base,
			);
			mainGroup = 391C61211D0844C0007DE8C3;
			productRefGroup = 391C61211D0844C0007DE8C3;
			projectDirPath = "";
			projectRoot = "";
			targets = (
				1FF7B65D21262C0C00BE3BFB /* world */,
				17C13B18205456CF001CE9DD /* libxpc */,
				17C13B2520555B49001CE9DD /* launchd */,
				1791F1C6205D1D4F00344BA5 /* liblaunch */,
				1791F1E7205D520E00344BA5 /* launchctl */,
				1F0F395D21364785003E244C /* csops_entitlement_blob_test */,
				1FD61BFB213711BC00A5A7BA /* xpc_entitlements_test */,
			);
		};
/* End PBXProject section */

/* Begin PBXShellScriptBuildPhase section */
		1F1CCB882127433C00A89642 /* Postflight */ = {
			isa = PBXShellScriptBuildPhase;
			buildActionMask = 8;
			files = (
			);
			inputPaths = (
			);
			name = Postflight;
			outputPaths = (
			);
			runOnlyForDeploymentPostprocessing = 1;
			shellPath = /bin/sh;
			shellScript = ". \"${SRCROOT}/src/xcscripts/launchctl-postflight.sh\"";
			showEnvVarsInLog = 0;
		};
		1F1CCB892127435200A89642 /* Postflight */ = {
			isa = PBXShellScriptBuildPhase;
			buildActionMask = 8;
			files = (
			);
			inputPaths = (
			);
			name = Postflight;
			outputPaths = (
			);
			runOnlyForDeploymentPostprocessing = 1;
			shellPath = /bin/sh;
			shellScript = ". \"${SRCROOT}/src/xcscripts/launchd-postflight.sh\"";
			showEnvVarsInLog = 0;
		};
/* End PBXShellScriptBuildPhase section */

/* Begin PBXSourcesBuildPhase section */
		1791F1C3205D1D4F00344BA5 /* Sources */ = {
			isa = PBXSourcesBuildPhase;
			buildActionMask = 2147483647;
			files = (
			);
			runOnlyForDeploymentPostprocessing = 0;
		};
		1791F1E4205D520E00344BA5 /* Sources */ = {
			isa = PBXSourcesBuildPhase;
			buildActionMask = 2147483647;
			files = (
			);
			runOnlyForDeploymentPostprocessing = 0;
		};
		17C13B15205456CF001CE9DD /* Sources */ = {
			isa = PBXSourcesBuildPhase;
			buildActionMask = 2147483647;
			files = (
				F01412452E6D90E000349FD5 /* base.c in Sources */,
				F01412382E6D790200349FD5 /* init.c in Sources */,
				F01412482E6D998D00349FD5 /* bool.c in Sources */,
			);
			runOnlyForDeploymentPostprocessing = 0;
		};
		17C13B2220555B49001CE9DD /* Sources */ = {
			isa = PBXSourcesBuildPhase;
			buildActionMask = 2147483647;
			files = (
			);
			runOnlyForDeploymentPostprocessing = 0;
		};
		1F0F395A21364785003E244C /* Sources */ = {
			isa = PBXSourcesBuildPhase;
			buildActionMask = 2147483647;
			files = (
			);
			runOnlyForDeploymentPostprocessing = 0;
		};
		1FD61BF8213711BC00A5A7BA /* Sources */ = {
			isa = PBXSourcesBuildPhase;
			buildActionMask = 2147483647;
			files = (
			);
			runOnlyForDeploymentPostprocessing = 0;
		};
/* End PBXSourcesBuildPhase section */

/* Begin PBXTargetDependency section */
		1F1CCB8621273CE600A89642 /* PBXTargetDependency */ = {
			isa = PBXTargetDependency;
			target = 17C13B18205456CF001CE9DD /* libxpc */;
			targetProxy = 1F1CCB8521273CE600A89642 /* PBXContainerItemProxy */;
		};
		1FF7B66221262C1300BE3BFB /* PBXTargetDependency */ = {
			isa = PBXTargetDependency;
			target = 17C13B18205456CF001CE9DD /* libxpc */;
			targetProxy = 1FF7B66121262C1300BE3BFB /* PBXContainerItemProxy */;
		};
		1FF7B66421262C1300BE3BFB /* PBXTargetDependency */ = {
			isa = PBXTargetDependency;
			target = 17C13B2520555B49001CE9DD /* launchd */;
			targetProxy = 1FF7B66321262C1300BE3BFB /* PBXContainerItemProxy */;
		};
		1FF7B66621262C1300BE3BFB /* PBXTargetDependency */ = {
			isa = PBXTargetDependency;
			target = 1791F1C6205D1D4F00344BA5 /* liblaunch */;
			targetProxy = 1FF7B66521262C1300BE3BFB /* PBXContainerItemProxy */;
		};
		1FF7B66821262C1300BE3BFB /* PBXTargetDependency */ = {
			isa = PBXTargetDependency;
			target = 1791F1E7205D520E00344BA5 /* launchctl */;
			targetProxy = 1FF7B66721262C1300BE3BFB /* PBXContainerItemProxy */;
		};
/* End PBXTargetDependency section */

/* Begin XCBuildConfiguration section */
		1791F1C9205D1D4F00344BA5 /* Debug */ = {
			isa = XCBuildConfiguration;
			buildSettings = {
				CLANG_ANALYZER_NUMBER_OBJECT_CONVERSION = YES_AGGRESSIVE;
				CLANG_CXX_LANGUAGE_STANDARD = "gnu++14";
				CLANG_WARN_BLOCK_CAPTURE_AUTORELEASING = YES;
				CLANG_WARN_COMMA = YES;
				CLANG_WARN_DOCUMENTATION_COMMENTS = YES;
				CLANG_WARN_INFINITE_RECURSION = YES;
				CLANG_WARN_NON_LITERAL_NULL_CONVERSION = YES;
				CLANG_WARN_OBJC_LITERAL_CONVERSION = YES;
				CLANG_WARN_RANGE_LOOP_ANALYSIS = YES;
				CLANG_WARN_STRICT_PROTOTYPES = YES;
				CLANG_WARN_SUSPICIOUS_MOVE = YES;
				CLANG_WARN_UNGUARDED_AVAILABILITY = YES_AGGRESSIVE;
				CODE_SIGN_IDENTITY = "Mac Developer";
				CODE_SIGN_STYLE = Automatic;
				DEVELOPMENT_TEAM = 3P242C9ES5;
				DYLIB_COMPATIBILITY_VERSION = 1;
				DYLIB_CURRENT_VERSION = 1205.30.29;
				EXECUTABLE_PREFIX = "";
				GCC_C_LANGUAGE_STANDARD = gnu11;
				INSTALL_PATH = /usr/lib/system;
				LINK_WITH_STANDARD_LIBRARIES = NO;
				MACOSX_DEPLOYMENT_TARGET = 10.13;
				OTHER_LDFLAGS = (
					"-L/usr/lib/system",
					"-umbrella",
					System,
					"-Wl,-reexported_symbols_list,$(SRCROOT)/src/liblaunch/IndirectSymbols",
				);
				PRODUCT_NAME = "$(TARGET_NAME)";
				PROVISIONING_PROFILE_SPECIFIER = "";
				PUBLIC_HEADERS_FOLDER_PATH = /usr/include;
			};
			name = Debug;
		};
		1791F1CA205D1D4F00344BA5 /* Release */ = {
			isa = XCBuildConfiguration;
			buildSettings = {
				CLANG_ANALYZER_NUMBER_OBJECT_CONVERSION = YES_AGGRESSIVE;
				CLANG_CXX_LANGUAGE_STANDARD = "gnu++14";
				CLANG_WARN_BLOCK_CAPTURE_AUTORELEASING = YES;
				CLANG_WARN_COMMA = YES;
				CLANG_WARN_DOCUMENTATION_COMMENTS = YES;
				CLANG_WARN_INFINITE_RECURSION = YES;
				CLANG_WARN_NON_LITERAL_NULL_CONVERSION = YES;
				CLANG_WARN_OBJC_LITERAL_CONVERSION = YES;
				CLANG_WARN_RANGE_LOOP_ANALYSIS = YES;
				CLANG_WARN_STRICT_PROTOTYPES = YES;
				CLANG_WARN_SUSPICIOUS_MOVE = YES;
				CLANG_WARN_UNGUARDED_AVAILABILITY = YES_AGGRESSIVE;
				CODE_SIGN_IDENTITY = "Mac Developer";
				CODE_SIGN_STYLE = Automatic;
				DEVELOPMENT_TEAM = 3P242C9ES5;
				DYLIB_COMPATIBILITY_VERSION = 1;
				DYLIB_CURRENT_VERSION = 1205.30.29;
				EXECUTABLE_PREFIX = "";
				GCC_C_LANGUAGE_STANDARD = gnu11;
				INSTALL_PATH = /usr/lib/system;
				LINK_WITH_STANDARD_LIBRARIES = NO;
				MACOSX_DEPLOYMENT_TARGET = 10.13;
				OTHER_LDFLAGS = (
					"-L/usr/lib/system",
					"-umbrella",
					System,
					"-Wl,-reexported_symbols_list,$(SRCROOT)/src/liblaunch/IndirectSymbols",
				);
				PRODUCT_NAME = "$(TARGET_NAME)";
				PROVISIONING_PROFILE_SPECIFIER = "";
				PUBLIC_HEADERS_FOLDER_PATH = /usr/include;
			};
			name = Release;
		};
		1791F1ED205D520E00344BA5 /* Debug */ = {
			isa = XCBuildConfiguration;
			buildSettings = {
				CLANG_ANALYZER_NUMBER_OBJECT_CONVERSION = YES_AGGRESSIVE;
				CLANG_CXX_LANGUAGE_STANDARD = "gnu++14";
				CLANG_WARN_BLOCK_CAPTURE_AUTORELEASING = YES;
				CLANG_WARN_COMMA = YES;
				CLANG_WARN_DOCUMENTATION_COMMENTS = YES;
				CLANG_WARN_INFINITE_RECURSION = YES;
				CLANG_WARN_NON_LITERAL_NULL_CONVERSION = YES;
				CLANG_WARN_OBJC_LITERAL_CONVERSION = YES;
				CLANG_WARN_RANGE_LOOP_ANALYSIS = YES;
				CLANG_WARN_STRICT_PROTOTYPES = YES;
				CLANG_WARN_SUSPICIOUS_MOVE = YES;
				CLANG_WARN_UNGUARDED_AVAILABILITY = YES_AGGRESSIVE;
				CODE_SIGN_IDENTITY = "Mac Developer";
				CODE_SIGN_STYLE = Automatic;
				DEVELOPMENT_TEAM = 3P242C9ES5;
				ENABLE_HARDENED_RUNTIME = YES;
				FRAMEWORK_SEARCH_PATHS = "";
				GCC_C_LANGUAGE_STANDARD = gnu11;
				GCC_USE_STANDARD_INCLUDE_SEARCHING = NO;
				INSTALL_PATH = /bin;
				MACOSX_DEPLOYMENT_TARGET = 10.13;
				OTHER_LDFLAGS = "-ledit";
				PRODUCT_NAME = "$(TARGET_NAME)";
				PROVISIONING_PROFILE_SPECIFIER = "";
				SYSTEM_FRAMEWORK_SEARCH_PATHS = "${SRCROOT}/headers/System/Library/Frameworks/** /System/Library/Frameworks";
				SYSTEM_HEADER_SEARCH_PATHS = "${SRCROOT}/headers/**";
			};
			name = Debug;
		};
		1791F1EE205D520E00344BA5 /* Release */ = {
			isa = XCBuildConfiguration;
			buildSettings = {
				CLANG_ANALYZER_NUMBER_OBJECT_CONVERSION = YES_AGGRESSIVE;
				CLANG_CXX_LANGUAGE_STANDARD = "gnu++14";
				CLANG_WARN_BLOCK_CAPTURE_AUTORELEASING = YES;
				CLANG_WARN_COMMA = YES;
				CLANG_WARN_DOCUMENTATION_COMMENTS = YES;
				CLANG_WARN_INFINITE_RECURSION = YES;
				CLANG_WARN_NON_LITERAL_NULL_CONVERSION = YES;
				CLANG_WARN_OBJC_LITERAL_CONVERSION = YES;
				CLANG_WARN_RANGE_LOOP_ANALYSIS = YES;
				CLANG_WARN_STRICT_PROTOTYPES = YES;
				CLANG_WARN_SUSPICIOUS_MOVE = YES;
				CLANG_WARN_UNGUARDED_AVAILABILITY = YES_AGGRESSIVE;
				CODE_SIGN_IDENTITY = "Mac Developer";
				CODE_SIGN_STYLE = Automatic;
				DEVELOPMENT_TEAM = 3P242C9ES5;
				ENABLE_HARDENED_RUNTIME = YES;
				FRAMEWORK_SEARCH_PATHS = "";
				GCC_C_LANGUAGE_STANDARD = gnu11;
				GCC_USE_STANDARD_INCLUDE_SEARCHING = NO;
				INSTALL_PATH = /bin;
				MACOSX_DEPLOYMENT_TARGET = 10.13;
				OTHER_LDFLAGS = "-ledit";
				PRODUCT_NAME = "$(TARGET_NAME)";
				PROVISIONING_PROFILE_SPECIFIER = "";
				SYSTEM_FRAMEWORK_SEARCH_PATHS = "${SRCROOT}/headers/System/Library/Frameworks/**";
				SYSTEM_HEADER_SEARCH_PATHS = "${SRCROOT}/headers/**";
			};
			name = Release;
		};
		17C13B1B205456D0001CE9DD /* Debug */ = {
			isa = XCBuildConfiguration;
			buildSettings = {
				CLANG_ANALYZER_NUMBER_OBJECT_CONVERSION = YES_AGGRESSIVE;
				CLANG_CXX_LANGUAGE_STANDARD = "gnu++14";
				CLANG_WARN_BLOCK_CAPTURE_AUTORELEASING = YES;
				CLANG_WARN_COMMA = YES;
				CLANG_WARN_DOCUMENTATION_COMMENTS = YES;
				CLANG_WARN_INFINITE_RECURSION = YES;
				CLANG_WARN_NON_LITERAL_NULL_CONVERSION = YES;
				CLANG_WARN_OBJC_LITERAL_CONVERSION = YES;
				CLANG_WARN_RANGE_LOOP_ANALYSIS = YES;
				CLANG_WARN_STRICT_PROTOTYPES = YES;
				CLANG_WARN_SUSPICIOUS_MOVE = YES;
				CLANG_WARN_UNGUARDED_AVAILABILITY = YES_AGGRESSIVE;
				CODE_SIGN_IDENTITY = "-";
				CODE_SIGN_STYLE = Automatic;
				DEVELOPMENT_TEAM = "";
				DYLIB_COMPATIBILITY_VERSION = 1;
				DYLIB_CURRENT_VERSION = 1205.30.29;
				EXECUTABLE_PREFIX = "";
				GCC_C_LANGUAGE_STANDARD = gnu11;
				GCC_PREPROCESSOR_DEFINITIONS = (
					"$(inherited)",
					"__XPC_BUILDING_XPC__=1",
				);
				GCC_USE_STANDARD_INCLUDE_SEARCHING = YES;
				GCC_WARN_UNUSED_VARIABLE = NO;
				INSTALL_PATH = /usr/lib/system;
				LINK_WITH_STANDARD_LIBRARIES = NO;
				MACOSX_DEPLOYMENT_TARGET = 10.13;
				OTHER_LDFLAGS = (
					"-umbrella",
					System,
					"-L/usr/lib/system",
					"-L$(DEPROOT)/usr/lib/system",
					"-ldyld",
					"-lcompiler_rt",
					"-lsystem_kernel",
					"-lsystem_c",
					"-ldispatch",
					"-lsystem_malloc",
					"-lpthread",
					"-lsystem_blocks",
					"-lCrashReporterClient",
					"-Xlinker",
					"-upward-lsystem_trace",
					"-Xlinker",
					"-upward-lobjc",
				);
				PRIVATE_HEADERS_FOLDER_PATH = /usr/local/include/xpc;
				PRODUCT_NAME = "$(TARGET_NAME)";
				PROVISIONING_PROFILE_SPECIFIER = "";
				PUBLIC_HEADERS_FOLDER_PATH = /usr/include/xpc;
				SYSTEM_HEADER_SEARCH_PATHS = "${SRCROOT}/include $(inherited)";
				WARNING_CFLAGS = "-Wno-incompatible-pointer-types";
			};
			name = Debug;
		};
		17C13B1C205456D0001CE9DD /* Release */ = {
			isa = XCBuildConfiguration;
			buildSettings = {
				CLANG_ANALYZER_NUMBER_OBJECT_CONVERSION = YES_AGGRESSIVE;
				CLANG_CXX_LANGUAGE_STANDARD = "gnu++14";
				CLANG_WARN_BLOCK_CAPTURE_AUTORELEASING = YES;
				CLANG_WARN_COMMA = YES;
				CLANG_WARN_DOCUMENTATION_COMMENTS = YES;
				CLANG_WARN_INFINITE_RECURSION = YES;
				CLANG_WARN_NON_LITERAL_NULL_CONVERSION = YES;
				CLANG_WARN_OBJC_LITERAL_CONVERSION = YES;
				CLANG_WARN_RANGE_LOOP_ANALYSIS = YES;
				CLANG_WARN_STRICT_PROTOTYPES = YES;
				CLANG_WARN_SUSPICIOUS_MOVE = YES;
				CLANG_WARN_UNGUARDED_AVAILABILITY = YES_AGGRESSIVE;
				CODE_SIGN_IDENTITY = "-";
				CODE_SIGN_STYLE = Automatic;
				DEVELOPMENT_TEAM = "";
				DYLIB_COMPATIBILITY_VERSION = 1;
				DYLIB_CURRENT_VERSION = 1205.30.29;
				EXECUTABLE_PREFIX = "";
				GCC_C_LANGUAGE_STANDARD = gnu11;
				GCC_PREPROCESSOR_DEFINITIONS = (
					"$(inherited)",
					"__XPC_BUILDING_XPC__=1",
				);
				GCC_USE_STANDARD_INCLUDE_SEARCHING = YES;
				GCC_WARN_UNUSED_VARIABLE = NO;
				INSTALL_PATH = /usr/lib/system;
				LINK_WITH_STANDARD_LIBRARIES = NO;
				MACOSX_DEPLOYMENT_TARGET = 10.13;
				OTHER_LDFLAGS = (
					"-umbrella",
					System,
					"-L/usr/lib/system",
					"-L$(DEPROOT)/usr/lib/system",
					"-ldyld",
					"-lcompiler_rt",
					"-lsystem_kernel",
					"-lsystem_c",
					"-ldispatch",
					"-lsystem_malloc",
					"-lpthread",
					"-lsystem_blocks",
					"-lCrashReporterClient",
					"-Xlinker",
					"-upward-lsystem_trace",
					"-Xlinker",
					"-upward-lobjc",
				);
				PRIVATE_HEADERS_FOLDER_PATH = /usr/local/include/xpc;
				PRODUCT_NAME = "$(TARGET_NAME)";
				PROVISIONING_PROFILE_SPECIFIER = "";
				PUBLIC_HEADERS_FOLDER_PATH = /usr/include/xpc;
				SYSTEM_HEADER_SEARCH_PATHS = "${SRCROOT}/include $(inherited)";
				WARNING_CFLAGS = "-Wno-incompatible-pointer-types";
			};
			name = Release;
		};
		17C13B2B20555B49001CE9DD /* Debug */ = {
			isa = XCBuildConfiguration;
			buildSettings = {
				CLANG_ANALYZER_NUMBER_OBJECT_CONVERSION = YES_AGGRESSIVE;
				CLANG_CXX_LANGUAGE_STANDARD = "gnu++14";
				CLANG_WARN_BLOCK_CAPTURE_AUTORELEASING = YES;
				CLANG_WARN_COMMA = YES;
				CLANG_WARN_DOCUMENTATION_COMMENTS = YES;
				CLANG_WARN_INFINITE_RECURSION = YES;
				CLANG_WARN_NON_LITERAL_NULL_CONVERSION = YES;
				CLANG_WARN_OBJC_LITERAL_CONVERSION = YES;
				CLANG_WARN_RANGE_LOOP_ANALYSIS = YES;
				CLANG_WARN_STRICT_PROTOTYPES = YES;
				CLANG_WARN_SUSPICIOUS_MOVE = YES;
				CLANG_WARN_UNGUARDED_AVAILABILITY = YES_AGGRESSIVE;
				CODE_SIGN_IDENTITY = "Mac Developer";
				CODE_SIGN_STYLE = Automatic;
				DEVELOPMENT_TEAM = 3P242C9ES5;
				ENABLE_HARDENED_RUNTIME = YES;
				GCC_C_LANGUAGE_STANDARD = gnu11;
				GCC_USE_STANDARD_INCLUDE_SEARCHING = NO;
				INSTALL_PATH = /sbin;
				LD_DYLIB_INSTALL_NAME = "";
				MACOSX_DEPLOYMENT_TARGET = 10.13;
				OTHER_LDFLAGS = "-lbsm";
				PRODUCT_NAME = "$(TARGET_NAME)";
				PROVISIONING_PROFILE_SPECIFIER = "";
				SYSTEM_FRAMEWORK_SEARCH_PATHS = "$(SRCROOT)/headers/System/Library/Frameworks";
				SYSTEM_HEADER_SEARCH_PATHS = "${SRCROOT}/headers/usr/include";
			};
			name = Debug;
		};
		17C13B2C20555B49001CE9DD /* Release */ = {
			isa = XCBuildConfiguration;
			buildSettings = {
				CLANG_ANALYZER_NUMBER_OBJECT_CONVERSION = YES_AGGRESSIVE;
				CLANG_CXX_LANGUAGE_STANDARD = "gnu++14";
				CLANG_WARN_BLOCK_CAPTURE_AUTORELEASING = YES;
				CLANG_WARN_COMMA = YES;
				CLANG_WARN_DOCUMENTATION_COMMENTS = YES;
				CLANG_WARN_INFINITE_RECURSION = YES;
				CLANG_WARN_NON_LITERAL_NULL_CONVERSION = YES;
				CLANG_WARN_OBJC_LITERAL_CONVERSION = YES;
				CLANG_WARN_RANGE_LOOP_ANALYSIS = YES;
				CLANG_WARN_STRICT_PROTOTYPES = YES;
				CLANG_WARN_SUSPICIOUS_MOVE = YES;
				CLANG_WARN_UNGUARDED_AVAILABILITY = YES_AGGRESSIVE;
				CODE_SIGN_IDENTITY = "Mac Developer";
				CODE_SIGN_STYLE = Automatic;
				DEVELOPMENT_TEAM = 3P242C9ES5;
				ENABLE_HARDENED_RUNTIME = YES;
				GCC_C_LANGUAGE_STANDARD = gnu11;
				GCC_USE_STANDARD_INCLUDE_SEARCHING = NO;
				INSTALL_PATH = /sbin;
				LD_DYLIB_INSTALL_NAME = "";
				MACOSX_DEPLOYMENT_TARGET = 10.13;
				OTHER_LDFLAGS = "-lbsm";
				PRODUCT_NAME = "$(TARGET_NAME)";
				PROVISIONING_PROFILE_SPECIFIER = "";
				SYSTEM_FRAMEWORK_SEARCH_PATHS = "$(SRCROOT)/headers/System/Library/Frameworks";
				SYSTEM_HEADER_SEARCH_PATHS = "${SRCROOT}/headers/usr/include";
			};
			name = Release;
		};
		1F0F396221364785003E244C /* Debug */ = {
			isa = XCBuildConfiguration;
			buildSettings = {
				CLANG_ANALYZER_NUMBER_OBJECT_CONVERSION = YES_AGGRESSIVE;
				CLANG_CXX_LANGUAGE_STANDARD = "gnu++14";
				CLANG_ENABLE_OBJC_WEAK = YES;
				CLANG_WARN_DOCUMENTATION_COMMENTS = YES;
				CLANG_WARN_UNGUARDED_AVAILABILITY = YES_AGGRESSIVE;
				CODE_SIGN_IDENTITY = "Mac Developer";
				CODE_SIGN_STYLE = Automatic;
				DEVELOPMENT_TEAM = 3P242C9ES5;
				ENABLE_HARDENED_RUNTIME = YES;
				GCC_C_LANGUAGE_STANDARD = gnu11;
				MACOSX_DEPLOYMENT_TARGET = 10.13;
				OTHER_CFLAGS = "";
				PRODUCT_NAME = "$(TARGET_NAME)";
				SYSTEM_FRAMEWORK_SEARCH_PATHS = "";
				SYSTEM_HEADER_SEARCH_PATHS = "${SRCROOT}/include";
				USE_HEADERMAP = NO;
			};
			name = Debug;
		};
		1F0F396321364785003E244C /* Release */ = {
			isa = XCBuildConfiguration;
			buildSettings = {
				CLANG_ANALYZER_NUMBER_OBJECT_CONVERSION = YES_AGGRESSIVE;
				CLANG_CXX_LANGUAGE_STANDARD = "gnu++14";
				CLANG_ENABLE_OBJC_WEAK = YES;
				CLANG_WARN_DOCUMENTATION_COMMENTS = YES;
				CLANG_WARN_UNGUARDED_AVAILABILITY = YES_AGGRESSIVE;
				CODE_SIGN_IDENTITY = "Mac Developer";
				CODE_SIGN_STYLE = Automatic;
				DEVELOPMENT_TEAM = 3P242C9ES5;
				ENABLE_HARDENED_RUNTIME = YES;
				GCC_C_LANGUAGE_STANDARD = gnu11;
				MACOSX_DEPLOYMENT_TARGET = 10.13;
				OTHER_CFLAGS = "";
				PRODUCT_NAME = "$(TARGET_NAME)";
				SYSTEM_FRAMEWORK_SEARCH_PATHS = "";
				SYSTEM_HEADER_SEARCH_PATHS = "${SRCROOT}/include";
				USE_HEADERMAP = NO;
			};
			name = Release;
		};
		1FD61C00213711BD00A5A7BA /* Debug */ = {
			isa = XCBuildConfiguration;
			buildSettings = {
				CLANG_ANALYZER_NUMBER_OBJECT_CONVERSION = YES_AGGRESSIVE;
				CLANG_CXX_LANGUAGE_STANDARD = "gnu++14";
				CLANG_ENABLE_OBJC_WEAK = YES;
				CLANG_WARN_DOCUMENTATION_COMMENTS = YES;
				CLANG_WARN_UNGUARDED_AVAILABILITY = YES_AGGRESSIVE;
				CODE_SIGN_ENTITLEMENTS = tests/xpc_entitlements_test.entitlements;
				CODE_SIGN_IDENTITY = "Mac Developer";
				CODE_SIGN_STYLE = Automatic;
				DEVELOPMENT_TEAM = 3P242C9ES5;
				ENABLE_HARDENED_RUNTIME = YES;
				GCC_C_LANGUAGE_STANDARD = gnu11;
				GCC_WARN_64_TO_32_BIT_CONVERSION = YES;
				MACOSX_DEPLOYMENT_TARGET = 10.13;
				PRODUCT_NAME = "$(TARGET_NAME)";
			};
			name = Debug;
		};
		1FD61C01213711BD00A5A7BA /* Release */ = {
			isa = XCBuildConfiguration;
			buildSettings = {
				CLANG_ANALYZER_NUMBER_OBJECT_CONVERSION = YES_AGGRESSIVE;
				CLANG_CXX_LANGUAGE_STANDARD = "gnu++14";
				CLANG_ENABLE_OBJC_WEAK = YES;
				CLANG_WARN_DOCUMENTATION_COMMENTS = YES;
				CLANG_WARN_UNGUARDED_AVAILABILITY = YES_AGGRESSIVE;
				CODE_SIGN_ENTITLEMENTS = tests/xpc_entitlements_test.entitlements;
				CODE_SIGN_IDENTITY = "Mac Developer";
				CODE_SIGN_STYLE = Automatic;
				DEVELOPMENT_TEAM = 3P242C9ES5;
				ENABLE_HARDENED_RUNTIME = YES;
				GCC_C_LANGUAGE_STANDARD = gnu11;
				GCC_WARN_64_TO_32_BIT_CONVERSION = YES;
				MACOSX_DEPLOYMENT_TARGET = 10.13;
				PRODUCT_NAME = "$(TARGET_NAME)";
			};
			name = Release;
		};
		1FF7B65F21262C0C00BE3BFB /* Debug */ = {
			isa = XCBuildConfiguration;
			buildSettings = {
				CLANG_ENABLE_OBJC_ARC = NO;
				CODE_SIGN_STYLE = Automatic;
				DEVELOPMENT_TEAM = "";
				PRODUCT_NAME = "$(TARGET_NAME)";
			};
			name = Debug;
		};
		1FF7B66021262C0C00BE3BFB /* Release */ = {
			isa = XCBuildConfiguration;
			buildSettings = {
				CLANG_ENABLE_OBJC_ARC = NO;
				CODE_SIGN_STYLE = Automatic;
				DEVELOPMENT_TEAM = "";
				PRODUCT_NAME = "$(TARGET_NAME)";
			};
			name = Release;
		};
		391C612E1D0844C0007DE8C3 /* Debug */ = {
			isa = XCBuildConfiguration;
			buildSettings = {
				ALWAYS_SEARCH_USER_PATHS = NO;
				CLANG_ANALYZER_LOCALIZABILITY_NONLOCALIZED = YES;
				CLANG_ANALYZER_NONNULL = YES;
				CLANG_CXX_LANGUAGE_STANDARD = "gnu++0x";
				CLANG_CXX_LIBRARY = "libc++";
				CLANG_ENABLE_OBJC_ARC = YES;
				CLANG_WARN_BLOCK_CAPTURE_AUTORELEASING = YES;
				CLANG_WARN_BOOL_CONVERSION = YES;
				CLANG_WARN_COMMA = YES;
				CLANG_WARN_CONSTANT_CONVERSION = YES;
				CLANG_WARN_DEPRECATED_OBJC_IMPLEMENTATIONS = YES;
				CLANG_WARN_DIRECT_OBJC_ISA_USAGE = YES_ERROR;
				CLANG_WARN_EMPTY_BODY = YES;
				CLANG_WARN_ENUM_CONVERSION = YES;
				CLANG_WARN_INFINITE_RECURSION = YES;
				CLANG_WARN_INT_CONVERSION = YES;
				CLANG_WARN_NON_LITERAL_NULL_CONVERSION = YES;
				CLANG_WARN_OBJC_IMPLICIT_RETAIN_SELF = YES;
				CLANG_WARN_OBJC_LITERAL_CONVERSION = YES;
				CLANG_WARN_OBJC_ROOT_CLASS = YES_ERROR;
				CLANG_WARN_QUOTED_INCLUDE_IN_FRAMEWORK_HEADER = YES;
				CLANG_WARN_RANGE_LOOP_ANALYSIS = YES;
				CLANG_WARN_STRICT_PROTOTYPES = YES;
				CLANG_WARN_SUSPICIOUS_MOVE = YES;
				CLANG_WARN_UNREACHABLE_CODE = YES;
				CLANG_WARN__DUPLICATE_METHOD_MATCH = YES;
				CODE_SIGN_IDENTITY = "-";
				COPY_PHASE_STRIP = NO;
				DEBUG_INFORMATION_FORMAT = dwarf;
				ENABLE_STRICT_OBJC_MSGSEND = YES;
				ENABLE_TESTABILITY = YES;
				GCC_C_LANGUAGE_STANDARD = gnu99;
				GCC_DYNAMIC_NO_PIC = NO;
				GCC_NO_COMMON_BLOCKS = YES;
				GCC_OPTIMIZATION_LEVEL = 0;
				GCC_PREPROCESSOR_DEFINITIONS = (
					"__XPC_BUILDING_PROJECT__=1",
					"DEBUG=1",
				);
				GCC_WARN_ABOUT_RETURN_TYPE = YES_ERROR;
				GCC_WARN_UNDECLARED_SELECTOR = YES;
				GCC_WARN_UNINITIALIZED_AUTOS = YES_AGGRESSIVE;
				GCC_WARN_UNUSED_FUNCTION = YES;
				GCC_WARN_UNUSED_VARIABLE = YES;
				MACOSX_DEPLOYMENT_TARGET = 10.14;
				MTL_ENABLE_DEBUG_INFO = YES;
				ONLY_ACTIVE_ARCH = YES;
				SDKROOT = macosx;
			};
			name = Debug;
		};
		391C612F1D0844C0007DE8C3 /* Release */ = {
			isa = XCBuildConfiguration;
			buildSettings = {
				ALWAYS_SEARCH_USER_PATHS = NO;
				CLANG_ANALYZER_LOCALIZABILITY_NONLOCALIZED = YES;
				CLANG_ANALYZER_NONNULL = YES;
				CLANG_CXX_LANGUAGE_STANDARD = "gnu++0x";
				CLANG_CXX_LIBRARY = "libc++";
				CLANG_ENABLE_OBJC_ARC = YES;
				CLANG_WARN_BLOCK_CAPTURE_AUTORELEASING = YES;
				CLANG_WARN_BOOL_CONVERSION = YES;
				CLANG_WARN_COMMA = YES;
				CLANG_WARN_CONSTANT_CONVERSION = YES;
				CLANG_WARN_DEPRECATED_OBJC_IMPLEMENTATIONS = YES;
				CLANG_WARN_DIRECT_OBJC_ISA_USAGE = YES_ERROR;
				CLANG_WARN_EMPTY_BODY = YES;
				CLANG_WARN_ENUM_CONVERSION = YES;
				CLANG_WARN_INFINITE_RECURSION = YES;
				CLANG_WARN_INT_CONVERSION = YES;
				CLANG_WARN_NON_LITERAL_NULL_CONVERSION = YES;
				CLANG_WARN_OBJC_IMPLICIT_RETAIN_SELF = YES;
				CLANG_WARN_OBJC_LITERAL_CONVERSION = YES;
				CLANG_WARN_OBJC_ROOT_CLASS = YES_ERROR;
				CLANG_WARN_QUOTED_INCLUDE_IN_FRAMEWORK_HEADER = YES;
				CLANG_WARN_RANGE_LOOP_ANALYSIS = YES;
				CLANG_WARN_STRICT_PROTOTYPES = YES;
				CLANG_WARN_SUSPICIOUS_MOVE = YES;
				CLANG_WARN_UNREACHABLE_CODE = YES;
				CLANG_WARN__DUPLICATE_METHOD_MATCH = YES;
				CODE_SIGN_IDENTITY = "-";
				COPY_PHASE_STRIP = NO;
				DEBUG_INFORMATION_FORMAT = "dwarf-with-dsym";
				ENABLE_NS_ASSERTIONS = NO;
				ENABLE_STRICT_OBJC_MSGSEND = YES;
				GCC_C_LANGUAGE_STANDARD = gnu99;
				GCC_NO_COMMON_BLOCKS = YES;
				GCC_PREPROCESSOR_DEFINITIONS = "__XPC_BUILDING_PROJECT__=1";
				GCC_WARN_ABOUT_RETURN_TYPE = YES_ERROR;
				GCC_WARN_UNDECLARED_SELECTOR = YES;
				GCC_WARN_UNINITIALIZED_AUTOS = YES_AGGRESSIVE;
				GCC_WARN_UNUSED_FUNCTION = YES;
				GCC_WARN_UNUSED_VARIABLE = YES;
				MACOSX_DEPLOYMENT_TARGET = 10.14;
				MTL_ENABLE_DEBUG_INFO = NO;
				SDKROOT = macosx;
			};
			name = Release;
		};
/* End XCBuildConfiguration section */

/* Begin XCConfigurationList section */
		1791F1C8205D1D4F00344BA5 /* Build configuration list for PBXNativeTarget "liblaunch" */ = {
			isa = XCConfigurationList;
			buildConfigurations = (
				1791F1C9205D1D4F00344BA5 /* Debug */,
				1791F1CA205D1D4F00344BA5 /* Release */,
			);
			defaultConfigurationIsVisible = 0;
			defaultConfigurationName = Release;
		};
		1791F1EC205D520E00344BA5 /* Build configuration list for PBXNativeTarget "launchctl" */ = {
			isa = XCConfigurationList;
			buildConfigurations = (
				1791F1ED205D520E00344BA5 /* Debug */,
				1791F1EE205D520E00344BA5 /* Release */,
			);
			defaultConfigurationIsVisible = 0;
			defaultConfigurationName = Release;
		};
		17C13B1A205456D0001CE9DD /* Build configuration list for PBXNativeTarget "libxpc" */ = {
			isa = XCConfigurationList;
			buildConfigurations = (
				17C13B1B205456D0001CE9DD /* Debug */,
				17C13B1C205456D0001CE9DD /* Release */,
			);
			defaultConfigurationIsVisible = 0;
			defaultConfigurationName = Release;
		};
		17C13B2A20555B49001CE9DD /* Build configuration list for PBXNativeTarget "launchd" */ = {
			isa = XCConfigurationList;
			buildConfigurations = (
				17C13B2B20555B49001CE9DD /* Debug */,
				17C13B2C20555B49001CE9DD /* Release */,
			);
			defaultConfigurationIsVisible = 0;
			defaultConfigurationName = Release;
		};
		1F0F396421364785003E244C /* Build configuration list for PBXNativeTarget "csops_entitlement_blob_test" */ = {
			isa = XCConfigurationList;
			buildConfigurations = (
				1F0F396221364785003E244C /* Debug */,
				1F0F396321364785003E244C /* Release */,
			);
			defaultConfigurationIsVisible = 0;
			defaultConfigurationName = Release;
		};
		1FD61C02213711BD00A5A7BA /* Build configuration list for PBXNativeTarget "xpc_entitlements_test" */ = {
			isa = XCConfigurationList;
			buildConfigurations = (
				1FD61C00213711BD00A5A7BA /* Debug */,
				1FD61C01213711BD00A5A7BA /* Release */,
			);
			defaultConfigurationIsVisible = 0;
			defaultConfigurationName = Release;
		};
		1FF7B65E21262C0C00BE3BFB /* Build configuration list for PBXAggregateTarget "world" */ = {
			isa = XCConfigurationList;
			buildConfigurations = (
				1FF7B65F21262C0C00BE3BFB /* Debug */,
				1FF7B66021262C0C00BE3BFB /* Release */,
			);
			defaultConfigurationIsVisible = 0;
			defaultConfigurationName = Release;
		};
		391C61251D0844C0007DE8C3 /* Build configuration list for PBXProject "libxpc" */ = {
			isa = XCConfigurationList;
			buildConfigurations = (
				391C612E1D0844C0007DE8C3 /* Debug */,
				391C612F1D0844C0007DE8C3 /* Release */,
			);
			defaultConfigurationIsVisible = 0;
			defaultConfigurationName = Release;
		};
/* End XCConfigurationList section */
	};
	rootObject = 391C61221D0844C0007DE8C3 /* Project object */;
}
